// !$*UTF8*$!
{
	archiveVersion = 1;
	classes = {
	};
	objectVersion = 56;
	objects = {

/* Begin PBXBuildFile section */
		E1A10000000000000000001F /* YohakuApp.swift in Sources */ = {isa = PBXBuildFile; fileRef = E1A10000000000000000001E /* YohakuApp.swift */; };
		E1A100000000000000000021 /* AppModel.swift in Sources */ = {isa = PBXBuildFile; fileRef = E1A100000000000000000020 /* AppModel.swift */; };
		E1A100000000000000000023 /* Copy.swift in Sources */ = {isa = PBXBuildFile; fileRef = E1A100000000000000000022 /* Copy.swift */; };
		E1A100000000000000000025 /* Surface.swift in Sources */ = {isa = PBXBuildFile; fileRef = E1A100000000000000000024 /* Surface.swift */; };
		E1A100000000000000000027 /* NoiseEngine.swift in Sources */ = {isa = PBXBuildFile; fileRef = E1A100000000000000000026 /* NoiseEngine.swift */; };
		E1A100000000000000000029 /* FocusSession.swift in Sources */ = {isa = PBXBuildFile; fileRef = E1A100000000000000000028 /* FocusSession.swift */; };
		E1A10000000000000000002B /* StreakStore.swift in Sources */ = {isa = PBXBuildFile; fileRef = E1A10000000000000000002A /* StreakStore.swift */; };
		E1A10000000000000000002D /* PurchaseManager.swift in Sources */ = {isa = PBXBuildFile; fileRef = E1A10000000000000000002C /* PurchaseManager.swift */; };
		E1A10000000000000000002F /* TimerScreen.swift in Sources */ = {isa = PBXBuildFile; fileRef = E1A10000000000000000002E /* TimerScreen.swift */; };
		E1A100000000000000000031 /* SettingsSheet.swift in Sources */ = {isa = PBXBuildFile; fileRef = E1A100000000000000000030 /* SettingsSheet.swift */; };
		E1A100000000000000000033 /* PaySheet.swift in Sources */ = {isa = PBXBuildFile; fileRef = E1A100000000000000000032 /* PaySheet.swift */; };
		E1A100000000000000000039 /* Assets.xcassets in Resources */ = {isa = PBXBuildFile; fileRef = E1A100000000000000000038 /* Assets.xcassets */; };
		E1A100000000000000000036 /* PrivacyInfo.xcprivacy in Resources */ = {isa = PBXBuildFile; fileRef = E1A100000000000000000035 /* PrivacyInfo.xcprivacy */; };
/* End PBXBuildFile section */

/* Begin PBXFileReference section */
		E1A10000000000000000001E /* YohakuApp.swift */ = {isa = PBXFileReference; lastKnownFileType = sourcecode.swift; path = YohakuApp.swift; sourceTree = "<group>"; };
		E1A100000000000000000020 /* AppModel.swift */ = {isa = PBXFileReference; lastKnownFileType = sourcecode.swift; path = AppModel.swift; sourceTree = "<group>"; };
		E1A100000000000000000022 /* Copy.swift */ = {isa = PBXFileReference; lastKnownFileType = sourcecode.swift; path = Copy.swift; sourceTree = "<group>"; };
		E1A100000000000000000024 /* Surface.swift */ = {isa = PBXFileReference; lastKnownFileType = sourcecode.swift; path = Surface.swift; sourceTree = "<group>"; };
		E1A100000000000000000026 /* NoiseEngine.swift */ = {isa = PBXFileReference; lastKnownFileType = sourcecode.swift; path = NoiseEngine.swift; sourceTree = "<group>"; };
		E1A100000000000000000028 /* FocusSession.swift */ = {isa = PBXFileReference; lastKnownFileType = sourcecode.swift; path = FocusSession.swift; sourceTree = "<group>"; };
		E1A10000000000000000002A /* StreakStore.swift */ = {isa = PBXFileReference; lastKnownFileType = sourcecode.swift; path = StreakStore.swift; sourceTree = "<group>"; };
		E1A10000000000000000002C /* PurchaseManager.swift */ = {isa = PBXFileReference; lastKnownFileType = sourcecode.swift; path = PurchaseManager.swift; sourceTree = "<group>"; };
		E1A10000000000000000002E /* TimerScreen.swift */ = {isa = PBXFileReference; lastKnownFileType = sourcecode.swift; path = TimerScreen.swift; sourceTree = "<group>"; };
		E1A100000000000000000030 /* SettingsSheet.swift */ = {isa = PBXFileReference; lastKnownFileType = sourcecode.swift; path = SettingsSheet.swift; sourceTree = "<group>"; };
		E1A100000000000000000032 /* PaySheet.swift */ = {isa = PBXFileReference; lastKnownFileType = sourcecode.swift; path = PaySheet.swift; sourceTree = "<group>"; };
		E1A100000000000000000034 /* Info.plist */ = {isa = PBXFileReference; lastKnownFileType = text.plist.xml; path = Info.plist; sourceTree = "<group>"; };
		E1A100000000000000000035 /* PrivacyInfo.xcprivacy */ = {isa = PBXFileReference; lastKnownFileType = text.plist.xml; path = PrivacyInfo.xcprivacy; sourceTree = "<group>"; };
		E1A100000000000000000037 /* Products.storekit */ = {isa = PBXFileReference; lastKnownFileType = text; path = Products.storekit; sourceTree = "<group>"; };
		E1A100000000000000000038 /* Assets.xcassets */ = {isa = PBXFileReference; lastKnownFileType = folder.assetcatalog; path = Assets.xcassets; sourceTree = "<group>"; };
		E1A100000000000000000006 /* Yohaku.app */ = {isa = PBXFileReference; explicitFileType = wrapper.application; includeInIndex = 0; path = Yohaku.app; sourceTree = BUILT_PRODUCTS_DIR; };
/* End PBXFileReference section */

/* Begin PBXFrameworksBuildPhase section */
		E1A100000000000000000005 /* Frameworks */ = {
			isa = PBXFrameworksBuildPhase;
			buildActionMask = 2147483647;
			files = (
			);
			runOnlyForDeploymentPostprocessing = 0;
		};
/* End PBXFrameworksBuildPhase section */

/* Begin PBXGroup section */
		E1A100000000000000000010 /* Design */ = {
			isa = PBXGroup;
			children = (
				E1A100000000000000000024 /* Surface.swift */,
			);
			path = Design;
			sourceTree = "<group>";
		};
		E1A100000000000000000011 /* Views */ = {
			isa = PBXGroup;
			children = (
				E1A10000000000000000002E /* TimerScreen.swift */,
				E1A100000000000000000030 /* SettingsSheet.swift */,
				E1A100000000000000000032 /* PaySheet.swift */,
			);
			path = Views;
			sourceTree = "<group>";
		};
		E1A100000000000000000012 /* Audio */ = {
			isa = PBXGroup;
			children = (
				E1A100000000000000000026 /* NoiseEngine.swift */,
			);
			path = Audio;
			sourceTree = "<group>";
		};
		E1A100000000000000000013 /* Session */ = {
			isa = PBXGroup;
			children = (
				E1A100000000000000000028 /* FocusSession.swift */,
				E1A10000000000000000002A /* StreakStore.swift */,
			);
			path = Session;
			sourceTree = "<group>";
		};
		E1A100000000000000000014 /* Purchase */ = {
			isa = PBXGroup;
			children = (
				E1A10000000000000000002C /* PurchaseManager.swift */,
			);
			path = Purchase;
			sourceTree = "<group>";
		};
		E1A100000000000000000008 /* Yohaku */ = {
			isa = PBXGroup;
			children = (
				E1A10000000000000000001E /* YohakuApp.swift */,
				E1A100000000000000000020 /* AppModel.swift */,
				E1A100000000000000000022 /* Copy.swift */,
				E1A100000000000000000034 /* Info.plist */,
				E1A100000000000000000035 /* PrivacyInfo.xcprivacy */,
				E1A100000000000000000037 /* Products.storekit */,
				E1A100000000000000000038 /* Assets.xcassets */,
				E1A100000000000000000010 /* Design */,
				E1A100000000000000000011 /* Views */,
				E1A100000000000000000012 /* Audio */,
				E1A100000000000000000013 /* Session */,
				E1A100000000000000000014 /* Purchase */,
			);
			path = Yohaku;
			sourceTree = "<group>";
		};
		E1A100000000000000000009 /* Products */ = {
			isa = PBXGroup;
			children = (
				E1A100000000000000000006 /* Yohaku.app */,
			);
			name = Products;
			sourceTree = "<group>";
		};
		E1A100000000000000000007 = {
			isa = PBXGroup;
			children = (
				E1A100000000000000000008 /* Yohaku */,
				E1A100000000000000000009 /* Products */,
			);
			sourceTree = "<group>";
		};
/* End PBXGroup section */

/* Begin PBXNativeTarget section */
		E1A100000000000000000002 /* Yohaku */ = {
			isa = PBXNativeTarget;
			buildConfigurationList = E1A10000000000000000000B /* Build configuration list for PBXNativeTarget "Yohaku" */;
			buildPhases = (
				E1A100000000000000000003 /* Sources */,
				E1A100000000000000000005 /* Frameworks */,
				E1A100000000000000000004 /* Resources */,
			);
			buildRules = (
			);
			dependencies = (
			);
			name = Yohaku;
			productName = Yohaku;
			productReference = E1A100000000000000000006 /* Yohaku.app */;
			productType = "com.apple.product-type.application";
		};
/* End PBXNativeTarget section */

/* Begin PBXProject section */
		E1A100000000000000000001 /* Project object */ = {
			isa = PBXProject;
			attributes = {
				BuildIndependentTargetsInParallel = 1;
				LastUpgradeCheck = 1500;
				TargetAttributes = {
					E1A100000000000000000002 = {
						CreatedOnToolsVersion = 15.0;
					};
				};
			};
			buildConfigurationList = E1A10000000000000000000A /* Build configuration list for PBXProject "Yohaku" */;
			compatibilityVersion = "Xcode 14.0";
			developmentRegion = ja;
			hasScannedForEncodings = 0;
			knownRegions = (
				ja,
				Base,
			);
			mainGroup = E1A100000000000000000007;
			productRefGroup = E1A100000000000000000009 /* Products */;
			projectDirPath = "";
			projectRoot = "";
			targets = (
				E1A100000000000000000002 /* Yohaku */,
			);
		};
/* End PBXProject section */

/* Begin PBXResourcesBuildPhase section */
		E1A100000000000000000004 /* Resources */ = {
			isa = PBXResourcesBuildPhase;
			buildActionMask = 2147483647;
			files = (
				E1A100000000000000000039 /* Assets.xcassets in Resources */,
				E1A100000000000000000036 /* PrivacyInfo.xcprivacy in Resources */,
			);
			runOnlyForDeploymentPostprocessing = 0;
		};
/* End PBXResourcesBuildPhase section */

/* Begin PBXSourcesBuildPhase section */
		E1A100000000000000000003 /* Sources */ = {
			isa = PBXSourcesBuildPhase;
			buildActionMask = 2147483647;
			files = (
				E1A10000000000000000001F /* YohakuApp.swift in Sources */,
				E1A100000000000000000021 /* AppModel.swift in Sources */,
				E1A100000000000000000023 /* Copy.swift in Sources */,
				E1A100000000000000000025 /* Surface.swift in Sources */,
				E1A100000000000000000027 /* NoiseEngine.swift in Sources */,
				E1A100000000000000000029 /* FocusSession.swift in Sources */,
				E1A10000000000000000002B /* StreakStore.swift in Sources */,
				E1A10000000000000000002D /* PurchaseManager.swift in Sources */,
				E1A10000000000000000002F /* TimerScreen.swift in Sources */,
				E1A100000000000000000031 /* SettingsSheet.swift in Sources */,
				E1A100000000000000000033 /* PaySheet.swift in Sources */,
			);
			runOnlyForDeploymentPostprocessing = 0;
		};
/* End PBXSourcesBuildPhase section */

/* Begin XCBuildConfiguration section */
		E1A10000000000000000000C /* Debug */ = {
			isa = XCBuildConfiguration;
			buildSettings = {

				ALWAYS_SEARCH_USER_PATHS = NO;
				CLANG_ENABLE_MODULES = YES;
				CLANG_ENABLE_OBJC_ARC = YES;
				COPY_PHASE_STRIP = NO;
				ENABLE_STRICT_OBJC_MSGSEND = YES;
				ENABLE_USER_SCRIPT_SANDBOXING = YES;
				GCC_NO_COMMON_BLOCKS = YES;
				IPHONEOS_DEPLOYMENT_TARGET = 17.0;
				SDKROOT = iphoneos;
				SWIFT_VERSION = 5.0;
				DEBUG_INFORMATION_FORMAT = dwarf;
				ENABLE_TESTABILITY = YES;
				GCC_DYNAMIC_NO_PIC = NO;
				GCC_OPTIMIZATION_LEVEL = 0;
				MTL_ENABLE_DEBUG_INFO = INCLUDE_SOURCE;
				ONLY_ACTIVE_ARCH = YES;
				SWIFT_ACTIVE_COMPILATION_CONDITIONS = DEBUG;
				SWIFT_OPTIMIZATION_LEVEL = "-Onone";
			};
			name = Debug;
		};
		E1A10000000000000000000D /* Release */ = {
			isa = XCBuildConfiguration;
			buildSettings = {

				ALWAYS_SEARCH_USER_PATHS = NO;
				CLANG_ENABLE_MODULES = YES;
				CLANG_ENABLE_OBJC_ARC = YES;
				COPY_PHASE_STRIP = NO;
				ENABLE_STRICT_OBJC_MSGSEND = YES;
				ENABLE_USER_SCRIPT_SANDBOXING = YES;
				GCC_NO_COMMON_BLOCKS = YES;
				IPHONEOS_DEPLOYMENT_TARGET = 17.0;
				SDKROOT = iphoneos;
				SWIFT_VERSION = 5.0;
				DEBUG_INFORMATION_FORMAT = "dwarf-with-dsym";
				ENABLE_NS_ASSERTIONS = NO;
				MTL_ENABLE_DEBUG_INFO = NO;
				SWIFT_COMPILATION_MODE = wholemodule;
				SWIFT_OPTIMIZATION_LEVEL = "-O";
				VALIDATE_PRODUCT = YES;
			};
			name = Release;
		};
		E1A10000000000000000000E /* Debug */ = {
			isa = XCBuildConfiguration;
			buildSettings = {

				ASSETCATALOG_COMPILER_APPICON_NAME = AppIcon;
				ASSETCATALOG_COMPILER_GLOBAL_ACCENT_COLOR_NAME = AccentColor;
				CODE_SIGN_STYLE = Automatic;
				CURRENT_PROJECT_VERSION = 1;
				ENABLE_PREVIEWS = YES;
				GENERATE_INFOPLIST_FILE = NO;
				INFOPLIST_FILE = Yohaku/Info.plist;
				IPHONEOS_DEPLOYMENT_TARGET = 17.0;
				LD_RUNPATH_SEARCH_PATHS = (
					"$(inherited)",
					"@executable_path/Frameworks",
				);
				MARKETING_VERSION = 1.0;
				PRODUCT_BUNDLE_IDENTIFIER = app.yohaku.ios;
				PRODUCT_NAME = "$(TARGET_NAME)";
				SDKROOT = iphoneos;
				SUPPORTED_PLATFORMS = "iphoneos iphonesimulator";
				SUPPORTS_MACCATALYST = NO;
				SUPPORTS_MAC_DESIGNED_FOR_IPHONE_IPAD = NO;
				SUPPORTS_XR_DESIGNED_FOR_IPHONE_IPAD = NO;
				SWIFT_EMIT_LOC_STRINGS = YES;
				SWIFT_VERSION = 5.0;
				TARGETED_DEVICE_FAMILY = 1;
			};
			name = Debug;
		};
		E1A10000000000000000000F /* Release */ = {
			isa = XCBuildConfiguration;
			buildSettings = {

				ASSETCATALOG_COMPILER_APPICON_NAME = AppIcon;
				ASSETCATALOG_COMPILER_GLOBAL_ACCENT_COLOR_NAME = AccentColor;
				CODE_SIGN_STYLE = Automatic;
				CURRENT_PROJECT_VERSION = 1;
				ENABLE_PREVIEWS = YES;
				GENERATE_INFOPLIST_FILE = NO;
				INFOPLIST_FILE = Yohaku/Info.plist;
				IPHONEOS_DEPLOYMENT_TARGET = 17.0;
				LD_RUNPATH_SEARCH_PATHS = (
					"$(inherited)",
					"@executable_path/Frameworks",
				);
				MARKETING_VERSION = 1.0;
				PRODUCT_BUNDLE_IDENTIFIER = app.yohaku.ios;
				PRODUCT_NAME = "$(TARGET_NAME)";
				SDKROOT = iphoneos;
				SUPPORTED_PLATFORMS = "iphoneos iphonesimulator";
				SUPPORTS_MACCATALYST = NO;
				SUPPORTS_MAC_DESIGNED_FOR_IPHONE_IPAD = NO;
				SUPPORTS_XR_DESIGNED_FOR_IPHONE_IPAD = NO;
				SWIFT_EMIT_LOC_STRINGS = YES;
				SWIFT_VERSION = 5.0;
				TARGETED_DEVICE_FAMILY = 1;
			};
			name = Release;
		};
/* End XCBuildConfiguration section */

/* Begin XCConfigurationList section */
		E1A10000000000000000000A /* Build configuration list for PBXProject "Yohaku" */ = {
			isa = XCConfigurationList;
			buildConfigurations = (
				E1A10000000000000000000C /* Debug */,
				E1A10000000000000000000D /* Release */,
			);
			defaultConfigurationIsVisible = 0;
			defaultConfigurationName = Release;
		};
		E1A10000000000000000000B /* Build configuration list for PBXNativeTarget "Yohaku" */ = {
			isa = XCConfigurationList;
			buildConfigurations = (
				E1A10000000000000000000E /* Debug */,
				E1A10000000000000000000F /* Release */,
			);
			defaultConfigurationIsVisible = 0;
			defaultConfigurationName = Release;
		};
/* End XCConfigurationList section */
	};
	rootObject = E1A100000000000000000001 /* Project object */;
}
